// !$*UTF8*$!
{
	archiveVersion = 1;
	classes = {
	};
	objectVersion = 50;
	objects = {

/* Begin PBXBuildFile section */
		4556A6E823370D6C00FD0CC5 /* AppDelegate.swift in Sources */ = {isa = PBXBuildFile; fileRef = 4556A6E723370D6C00FD0CC5 /* AppDelegate.swift */; };
		4556A6ED23370D6C00FD0CC5 /* Main.storyboard in Resources */ = {isa = PBXBuildFile; fileRef = 4556A6EB23370D6C00FD0CC5 /* Main.storyboard */; };
		4556A6EF23370D6D00FD0CC5 /* Assets.xcassets in Resources */ = {isa = PBXBuildFile; fileRef = 4556A6EE23370D6D00FD0CC5 /* Assets.xcassets */; };
		4556A6F223370D6D00FD0CC5 /* LaunchScreen.storyboard in Resources */ = {isa = PBXBuildFile; fileRef = 4556A6F023370D6D00FD0CC5 /* LaunchScreen.storyboard */; };
		4556A6FA23370F3300FD0CC5 /* JournalTableViewController.swift in Sources */ = {isa = PBXBuildFile; fileRef = 4556A6F923370F3300FD0CC5 /* JournalTableViewController.swift */; };
		4556A6FC23370F4B00FD0CC5 /* AddJournalViewController.swift in Sources */ = {isa = PBXBuildFile; fileRef = 4556A6FB23370F4B00FD0CC5 /* AddJournalViewController.swift */; };
		4556A700233710AC00FD0CC5 /* Model.xcdatamodeld in Sources */ = {isa = PBXBuildFile; fileRef = 4556A6FE233710AC00FD0CC5 /* Model.xcdatamodeld */; };
		4556A7022337119300FD0CC5 /* CoreDataStack.swift in Sources */ = {isa = PBXBuildFile; fileRef = 4556A7012337119300FD0CC5 /* CoreDataStack.swift */; };
		4556A704233713EA00FD0CC5 /* EntryController.swift in Sources */ = {isa = PBXBuildFile; fileRef = 4556A703233713EA00FD0CC5 /* EntryController.swift */; };
		4556A7062337141100FD0CC5 /* EntryRepresentation.swift in Sources */ = {isa = PBXBuildFile; fileRef = 4556A7052337141100FD0CC5 /* EntryRepresentation.swift */; };
		4556A7092337150000FD0CC5 /* Entry+Convenience.swift in Sources */ = {isa = PBXBuildFile; fileRef = 4556A7082337150000FD0CC5 /* Entry+Convenience.swift */; };
/* End PBXBuildFile section */

/* Begin PBXFileReference section */
		4556A6E423370D6C00FD0CC5 /* TheJournal.app */ = {isa = PBXFileReference; explicitFileType = wrapper.application; includeInIndex = 0; path = TheJournal.app; sourceTree = BUILT_PRODUCTS_DIR; };
		4556A6E723370D6C00FD0CC5 /* AppDelegate.swift */ = {isa = PBXFileReference; lastKnownFileType = sourcecode.swift; path = AppDelegate.swift; sourceTree = "<group>"; };
		4556A6EC23370D6C00FD0CC5 /* Base */ = {isa = PBXFileReference; lastKnownFileType = file.storyboard; name = Base; path = Base.lproj/Main.storyboard; sourceTree = "<group>"; };
		4556A6EE23370D6D00FD0CC5 /* Assets.xcassets */ = {isa = PBXFileReference; lastKnownFileType = folder.assetcatalog; path = Assets.xcassets; sourceTree = "<group>"; };
		4556A6F123370D6D00FD0CC5 /* Base */ = {isa = PBXFileReference; lastKnownFileType = file.storyboard; name = Base; path = Base.lproj/LaunchScreen.storyboard; sourceTree = "<group>"; };
		4556A6F323370D6D00FD0CC5 /* Info.plist */ = {isa = PBXFileReference; lastKnownFileType = text.plist.xml; path = Info.plist; sourceTree = "<group>"; };
		4556A6F923370F3300FD0CC5 /* JournalTableViewController.swift */ = {isa = PBXFileReference; lastKnownFileType = sourcecode.swift; path = JournalTableViewController.swift; sourceTree = "<group>"; };
		4556A6FB23370F4B00FD0CC5 /* AddJournalViewController.swift */ = {isa = PBXFileReference; lastKnownFileType = sourcecode.swift; path = AddJournalViewController.swift; sourceTree = "<group>"; };
		4556A6FF233710AC00FD0CC5 /* Model.xcdatamodel */ = {isa = PBXFileReference; lastKnownFileType = wrapper.xcdatamodel; path = Model.xcdatamodel; sourceTree = "<group>"; };
		4556A7012337119300FD0CC5 /* CoreDataStack.swift */ = {isa = PBXFileReference; lastKnownFileType = sourcecode.swift; path = CoreDataStack.swift; sourceTree = "<group>"; };
		4556A703233713EA00FD0CC5 /* EntryController.swift */ = {isa = PBXFileReference; lastKnownFileType = sourcecode.swift; path = EntryController.swift; sourceTree = "<group>"; };
		4556A7052337141100FD0CC5 /* EntryRepresentation.swift */ = {isa = PBXFileReference; lastKnownFileType = sourcecode.swift; path = EntryRepresentation.swift; sourceTree = "<group>"; };
		4556A7082337150000FD0CC5 /* Entry+Convenience.swift */ = {isa = PBXFileReference; lastKnownFileType = sourcecode.swift; path = "Entry+Convenience.swift"; sourceTree = "<group>"; };
/* End PBXFileReference section */

/* Begin PBXFrameworksBuildPhase section */
		4556A6E123370D6C00FD0CC5 /* Frameworks */ = {
			isa = PBXFrameworksBuildPhase;
			buildActionMask = 2147483647;
			files = (
			);
			runOnlyForDeploymentPostprocessing = 0;
		};
/* End PBXFrameworksBuildPhase section */

/* Begin PBXGroup section */
		4556A6DB23370D6C00FD0CC5 = {
			isa = PBXGroup;
			children = (
				4556A7072337141E00FD0CC5 /* Models */,
				4556A6FD23370F5000FD0CC5 /* View Controllers */,
				4556A6E623370D6C00FD0CC5 /* TheJournal */,
				4556A6E523370D6C00FD0CC5 /* Products */,
			);
			sourceTree = "<group>";
		};
		4556A6E523370D6C00FD0CC5 /* Products */ = {
			isa = PBXGroup;
			children = (
				4556A6E423370D6C00FD0CC5 /* TheJournal.app */,
			);
			name = Products;
			sourceTree = "<group>";
		};
		4556A6E623370D6C00FD0CC5 /* TheJournal */ = {
			isa = PBXGroup;
			children = (
				4556A6E723370D6C00FD0CC5 /* AppDelegate.swift */,
				4556A6EB23370D6C00FD0CC5 /* Main.storyboard */,
				4556A6EE23370D6D00FD0CC5 /* Assets.xcassets */,
				4556A6F023370D6D00FD0CC5 /* LaunchScreen.storyboard */,
				4556A6F323370D6D00FD0CC5 /* Info.plist */,
			);
			path = TheJournal;
			sourceTree = "<group>";
		};
		4556A6FD23370F5000FD0CC5 /* View Controllers */ = {
			isa = PBXGroup;
			children = (
				4556A6F923370F3300FD0CC5 /* JournalTableViewController.swift */,
				4556A6FB23370F4B00FD0CC5 /* AddJournalViewController.swift */,
			);
			path = "View Controllers";
			sourceTree = "<group>";
		};
		4556A7072337141E00FD0CC5 /* Models */ = {
			isa = PBXGroup;
			children = (
				4556A7082337150000FD0CC5 /* Entry+Convenience.swift */,
				4556A7052337141100FD0CC5 /* EntryRepresentation.swift */,
				4556A7012337119300FD0CC5 /* CoreDataStack.swift */,
				4556A6FE233710AC00FD0CC5 /* Model.xcdatamodeld */,
				4556A703233713EA00FD0CC5 /* EntryController.swift */,
			);
			path = Models;
			sourceTree = "<group>";
		};
/* End PBXGroup section */

/* Begin PBXNativeTarget section */
		4556A6E323370D6C00FD0CC5 /* TheJournal */ = {
			isa = PBXNativeTarget;
			buildConfigurationList = 4556A6F623370D6D00FD0CC5 /* Build configuration list for PBXNativeTarget "TheJournal" */;
			buildPhases = (
				4556A6E023370D6C00FD0CC5 /* Sources */,
				4556A6E123370D6C00FD0CC5 /* Frameworks */,
				4556A6E223370D6C00FD0CC5 /* Resources */,
			);
			buildRules = (
			);
			dependencies = (
			);
			name = TheJournal;
			productName = TheJournal;
			productReference = 4556A6E423370D6C00FD0CC5 /* TheJournal.app */;
			productType = "com.apple.product-type.application";
		};
/* End PBXNativeTarget section */

/* Begin PBXProject section */
		4556A6DC23370D6C00FD0CC5 /* Project object */ = {
			isa = PBXProject;
			attributes = {
				LastSwiftUpdateCheck = 1020;
				LastUpgradeCheck = 1020;
				ORGANIZATIONNAME = "Lambda School";
				TargetAttributes = {
					4556A6E323370D6C00FD0CC5 = {
						CreatedOnToolsVersion = 10.2.1;
					};
				};
			};
			buildConfigurationList = 4556A6DF23370D6C00FD0CC5 /* Build configuration list for PBXProject "TheJournal" */;
			compatibilityVersion = "Xcode 9.3";
			developmentRegion = en;
			hasScannedForEncodings = 0;
			knownRegions = (
				en,
				Base,
			);
			mainGroup = 4556A6DB23370D6C00FD0CC5;
			productRefGroup = 4556A6E523370D6C00FD0CC5 /* Products */;
			projectDirPath = "";
			projectRoot = "";
			targets = (
				4556A6E323370D6C00FD0CC5 /* TheJournal */,
			);
		};
/* End PBXProject section */

/* Begin PBXResourcesBuildPhase section */
		4556A6E223370D6C00FD0CC5 /* Resources */ = {
			isa = PBXResourcesBuildPhase;
			buildActionMask = 2147483647;
			files = (
				4556A6F223370D6D00FD0CC5 /* LaunchScreen.storyboard in Resources */,
				4556A6EF23370D6D00FD0CC5 /* Assets.xcassets in Resources */,
				4556A6ED23370D6C00FD0CC5 /* Main.storyboard in Resources */,
			);
			runOnlyForDeploymentPostprocessing = 0;
		};
/* End PBXResourcesBuildPhase section */

/* Begin PBXSourcesBuildPhase section */
		4556A6E023370D6C00FD0CC5 /* Sources */ = {
			isa = PBXSourcesBuildPhase;
			buildActionMask = 2147483647;
			files = (
				4556A704233713EA00FD0CC5 /* EntryController.swift in Sources */,
				4556A7022337119300FD0CC5 /* CoreDataStack.swift in Sources */,
				4556A6FC23370F4B00FD0CC5 /* AddJournalViewController.swift in Sources */,
				4556A6FA23370F3300FD0CC5 /* JournalTableViewController.swift in Sources */,
				4556A7092337150000FD0CC5 /* Entry+Convenience.swift in Sources */,
				4556A7062337141100FD0CC5 /* EntryRepresentation.swift in Sources */,
				4556A6E823370D6C00FD0CC5 /* AppDelegate.swift in Sources */,
				4556A700233710AC00FD0CC5 /* Model.xcdatamodeld in Sources */,
			);
			runOnlyForDeploymentPostprocessing = 0;
		};
/* End PBXSourcesBuildPhase section */

/* Begin PBXVariantGroup section */
		4556A6EB23370D6C00FD0CC5 /* Main.storyboard */ = {
			isa = PBXVariantGroup;
			children = (
				4556A6EC23370D6C00FD0CC5 /* Base */,
			);
			name = Main.storyboard;
			sourceTree = "<group>";
		};
		4556A6F023370D6D00FD0CC5 /* LaunchScreen.storyboard */ = {
			isa = PBXVariantGroup;
			children = (
				4556A6F123370D6D00FD0CC5 /* Base */,
			);
			name = LaunchScreen.storyboard;
			sourceTree = "<group>";
		};
/* End PBXVariantGroup section */

/* Begin XCBuildConfiguration section */
		4556A6F423370D6D00FD0CC5 /* Debug */ = {
			isa = XCBuildConfiguration;
			buildSettings = {
				ALWAYS_SEARCH_USER_PATHS = NO;
				CLANG_ANALYZER_NONNULL = YES;
				CLANG_ANALYZER_NUMBER_OBJECT_CONVERSION = YES_AGGRESSIVE;
				CLANG_CXX_LANGUAGE_STANDARD = "gnu++14";
				CLANG_CXX_LIBRARY = "libc++";
				CLANG_ENABLE_MODULES = YES;
				CLANG_ENABLE_OBJC_ARC = YES;
				CLANG_ENABLE_OBJC_WEAK = YES;
				CLANG_WARN_BLOCK_CAPTURE_AUTORELEASING = YES;
				CLANG_WARN_BOOL_CONVERSION = YES;
				CLANG_WARN_COMMA = YES;
				CLANG_WARN_CONSTANT_CONVERSION = YES;
				CLANG_WARN_DEPRECATED_OBJC_IMPLEMENTATIONS = YES;
				CLANG_WARN_DIRECT_OBJC_ISA_USAGE = YES_ERROR;
				CLANG_WARN_DOCUMENTATION_COMMENTS = YES;
				CLANG_WARN_EMPTY_BODY = YES;
				CLANG_WARN_ENUM_CONVERSION = YES;
				CLANG_WARN_INFINITE_RECURSION = YES;
				CLANG_WARN_INT_CONVERSION = YES;
				CLANG_WARN_NON_LITERAL_NULL_CONVERSION = YES;
				CLANG_WARN_OBJC_IMPLICIT_RETAIN_SELF = YES;
				CLANG_WARN_OBJC_LITERAL_CONVERSION = YES;
				CLANG_WARN_OBJC_ROOT_CLASS = YES_ERROR;
				CLANG_WARN_RANGE_LOOP_ANALYSIS = YES;
				CLANG_WARN_STRICT_PROTOTYPES = YES;
				CLANG_WARN_SUSPICIOUS_MOVE = YES;
				CLANG_WARN_UNGUARDED_AVAILABILITY = YES_AGGRESSIVE;
				CLANG_WARN_UNREACHABLE_CODE = YES;
				CLANG_WARN__DUPLICATE_METHOD_MATCH = YES;
				CODE_SIGN_IDENTITY = "iPhone Developer";
				COPY_PHASE_STRIP = NO;
				DEBUG_INFORMATION_FORMAT = dwarf;
				ENABLE_STRICT_OBJC_MSGSEND = YES;
				ENABLE_TESTABILITY = YES;
				GCC_C_LANGUAGE_STANDARD = gnu11;
				GCC_DYNAMIC_NO_PIC = NO;
				GCC_NO_COMMON_BLOCKS = YES;
				GCC_OPTIMIZATION_LEVEL = 0;
				GCC_PREPROCESSOR_DEFINITIONS = (
					"DEBUG=1",
					"$(inherited)",
				);
				GCC_WARN_64_TO_32_BIT_CONVERSION = YES;
				GCC_WARN_ABOUT_RETURN_TYPE = YES_ERROR;
				GCC_WARN_UNDECLARED_SELECTOR = YES;
				GCC_WARN_UNINITIALIZED_AUTOS = YES_AGGRESSIVE;
				GCC_WARN_UNUSED_FUNCTION = YES;
				GCC_WARN_UNUSED_VARIABLE = YES;
				IPHONEOS_DEPLOYMENT_TARGET = 12.2;
				MTL_ENABLE_DEBUG_INFO = INCLUDE_SOURCE;
				MTL_FAST_MATH = YES;
				ONLY_ACTIVE_ARCH = YES;
				SDKROOT = iphoneos;
				SWIFT_ACTIVE_COMPILATION_CONDITIONS = DEBUG;
				SWIFT_OPTIMIZATION_LEVEL = "-Onone";
			};
			name = Debug;
		};
		4556A6F523370D6D00FD0CC5 /* Release */ = {
			isa = XCBuildConfiguration;
			buildSettings = {
				ALWAYS_SEARCH_USER_PATHS = NO;
				CLANG_ANALYZER_NONNULL = YES;
				CLANG_ANALYZER_NUMBER_OBJECT_CONVERSION = YES_AGGRESSIVE;
				CLANG_CXX_LANGUAGE_STANDARD = "gnu++14";
				CLANG_CXX_LIBRARY = "libc++";
				CLANG_ENABLE_MODULES = YES;
				CLANG_ENABLE_OBJC_ARC = YES;
				CLANG_ENABLE_OBJC_WEAK = YES;
				CLANG_WARN_BLOCK_CAPTURE_AUTORELEASING = YES;
				CLANG_WARN_BOOL_CONVERSION = YES;
				CLANG_WARN_COMMA = YES;
				CLANG_WARN_CONSTANT_CONVERSION = YES;
				CLANG_WARN_DEPRECATED_OBJC_IMPLEMENTATIONS = YES;
				CLANG_WARN_DIRECT_OBJC_ISA_USAGE = YES_ERROR;
				CLANG_WARN_DOCUMENTATION_COMMENTS = YES;
				CLANG_WARN_EMPTY_BODY = YES;
				CLANG_WARN_ENUM_CONVERSION = YES;
				CLANG_WARN_INFINITE_RECURSION = YES;
				CLANG_WARN_INT_CONVERSION = YES;
				CLANG_WARN_NON_LITERAL_NULL_CONVERSION = YES;
				CLANG_WARN_OBJC_IMPLICIT_RETAIN_SELF = YES;
				CLANG_WARN_OBJC_LITERAL_CONVERSION = YES;
				CLANG_WARN_OBJC_ROOT_CLASS = YES_ERROR;
				CLANG_WARN_RANGE_LOOP_ANALYSIS = YES;
				CLANG_WARN_STRICT_PROTOTYPES = YES;
				CLANG_WARN_SUSPICIOUS_MOVE = YES;
				CLANG_WARN_UNGUARDED_AVAILABILITY = YES_AGGRESSIVE;
				CLANG_WARN_UNREACHABLE_CODE = YES;
				CLANG_WARN__DUPLICATE_METHOD_MATCH = YES;
				CODE_SIGN_IDENTITY = "iPhone Developer";
				COPY_PHASE_STRIP = NO;
				DEBUG_INFORMATION_FORMAT = "dwarf-with-dsym";
				ENABLE_NS_ASSERTIONS = NO;
				ENABLE_STRICT_OBJC_MSGSEND = YES;
				GCC_C_LANGUAGE_STANDARD = gnu11;
				GCC_NO_COMMON_BLOCKS = YES;
				GCC_WARN_64_TO_32_BIT_CONVERSION = YES;
				GCC_WARN_ABOUT_RETURN_TYPE = YES_ERROR;
				GCC_WARN_UNDECLARED_SELECTOR = YES;
				GCC_WARN_UNINITIALIZED_AUTOS = YES_AGGRESSIVE;
				GCC_WARN_UNUSED_FUNCTION = YES;
				GCC_WARN_UNUSED_VARIABLE = YES;
				IPHONEOS_DEPLOYMENT_TARGET = 12.2;
				MTL_ENABLE_DEBUG_INFO = NO;
				MTL_FAST_MATH = YES;
				SDKROOT = iphoneos;
				SWIFT_COMPILATION_MODE = wholemodule;
				SWIFT_OPTIMIZATION_LEVEL = "-O";
				VALIDATE_PRODUCT = YES;
			};
			name = Release;
		};
		4556A6F723370D6D00FD0CC5 /* Debug */ = {
			isa = XCBuildConfiguration;
			buildSettings = {
				ASSETCATALOG_COMPILER_APPICON_NAME = AppIcon;
				CODE_SIGN_STYLE = Automatic;
				INFOPLIST_FILE = TheJournal/Info.plist;
				LD_RUNPATH_SEARCH_PATHS = (
					"$(inherited)",
					"@executable_path/Frameworks",
				);
				PRODUCT_BUNDLE_IDENTIFIER = com.flash.TheJournal;
				PRODUCT_NAME = "$(TARGET_NAME)";
				SWIFT_VERSION = 5.0;
				TARGETED_DEVICE_FAMILY = "1,2";
			};
			name = Debug;
		};
		4556A6F823370D6D00FD0CC5 /* Release */ = {
			isa = XCBuildConfiguration;
			buildSettings = {
				ASSETCATALOG_COMPILER_APPICON_NAME = AppIcon;
				CODE_SIGN_STYLE = Automatic;
				INFOPLIST_FILE = TheJournal/Info.plist;
				LD_RUNPATH_SEARCH_PATHS = (
					"$(inherited)",
					"@executable_path/Frameworks",
				);
				PRODUCT_BUNDLE_IDENTIFIER = com.flash.TheJournal;
				PRODUCT_NAME = "$(TARGET_NAME)";
				SWIFT_VERSION = 5.0;
				TARGETED_DEVICE_FAMILY = "1,2";
			};
			name = Release;
		};
/* End XCBuildConfiguration section */

/* Begin XCConfigurationList section */
		4556A6DF23370D6C00FD0CC5 /* Build configuration list for PBXProject "TheJournal" */ = {
			isa = XCConfigurationList;
			buildConfigurations = (
				4556A6F423370D6D00FD0CC5 /* Debug */,
				4556A6F523370D6D00FD0CC5 /* Release */,
			);
			defaultConfigurationIsVisible = 0;
			defaultConfigurationName = Release;
		};
		4556A6F623370D6D00FD0CC5 /* Build configuration list for PBXNativeTarget "TheJournal" */ = {
			isa = XCConfigurationList;
			buildConfigurations = (
				4556A6F723370D6D00FD0CC5 /* Debug */,
				4556A6F823370D6D00FD0CC5 /* Release */,
			);
			defaultConfigurationIsVisible = 0;
			defaultConfigurationName = Release;
		};
/* End XCConfigurationList section */

/* Begin XCVersionGroup section */
		4556A6FE233710AC00FD0CC5 /* Model.xcdatamodeld */ = {
			isa = XCVersionGroup;
			children = (
				4556A6FF233710AC00FD0CC5 /* Model.xcdatamodel */,
			);
			currentVersion = 4556A6FF233710AC00FD0CC5 /* Model.xcdatamodel */;
			path = Model.xcdatamodeld;
			sourceTree = "<group>";
			versionGroupType = wrapper.xcdatamodel;
		};
/* End XCVersionGroup section */
	};
	rootObject = 4556A6DC23370D6C00FD0CC5 /* Project object */;
}
